
Microsoft Visual Studio Solution File, Format Version 12.00
# Visual Studio 15
VisualStudioVersion = 15.0.26730.10
MinimumVisualStudioVersion = 10.0.40219.1

Project("{6EC3EE1D-3C4E-46DD-8F32-0CC8E7565705}") = "WeatherApp", "WeatherApp\WeatherApp.fsproj", "{5099E7AD-77F3-4A58-9F44-F3ADA0825BC6}"
EndProject

Project("{F2A71F9B-5D33-465A-A702-920D77279786}") = "WeatherApp.Android", "WeatherApp.Android\WeatherApp.Android.fsproj", "{763C177F-B9BA-48E3-BEF8-6BC912F92F00}"
EndProject

Project("{F2A71F9B-5D33-465A-A702-920D77279786}") = "WeatherApp.iOS", "WeatherApp.iOS\WeatherApp.iOS.fsproj", "{C35BC8D8-E164-42D9-850B-A0481DDC4E4E}"
EndProject


Project("{F2A71F9B-5D33-465A-A702-920D77279786}") = "WeatherApp.WPF", "WeatherApp.WPF\WeatherApp.WPF.fsproj", "{A18C202C-77D4-4CC9-9213-B41C04EF53CC}"
EndProject


Global
	GlobalSection(SolutionConfigurationPlatforms) = preSolution
		Ad-Hoc|Any CPU = Ad-Hoc|Any CPU
		Ad-Hoc|ARM = Ad-Hoc|ARM
		Ad-Hoc|iPhone = Ad-Hoc|iPhone
		Ad-Hoc|iPhoneSimulator = Ad-Hoc|iPhoneSimulator
		Ad-Hoc|x64 = Ad-Hoc|x64
		Ad-Hoc|x86 = Ad-Hoc|x86
		AppStore|Any CPU = AppStore|Any CPU
		AppStore|ARM = AppStore|ARM
		AppStore|iPhone = AppStore|iPhone
		AppStore|iPhoneSimulator = AppStore|iPhoneSimulator
		AppStore|x64 = AppStore|x64
		AppStore|x86 = AppStore|x86
		Debug|Any CPU = Debug|Any CPU
		Debug|ARM = Debug|ARM
		Debug|iPhone = Debug|iPhone
		Debug|iPhoneSimulator = Debug|iPhoneSimulator
		Debug|x64 = Debug|x64
		Debug|x86 = Debug|x86
		Release|Any CPU = Release|Any CPU
		Release|ARM = Release|ARM
		Release|iPhone = Release|iPhone
		Release|iPhoneSimulator = Release|iPhoneSimulator
		Release|x64 = Release|x64
		Release|x86 = Release|x86
	EndGlobalSection
	GlobalSection(ProjectConfigurationPlatforms) = postSolution
		{5099E7AD-77F3-4A58-9F44-F3ADA0825BC6}.Ad-Hoc|Any CPU.ActiveCfg = Debug|Any CPU
		{5099E7AD-77F3-4A58-9F44-F3ADA0825BC6}.Ad-Hoc|Any CPU.Build.0 = Debug|Any CPU
		{5099E7AD-77F3-4A58-9F44-F3ADA0825BC6}.Ad-Hoc|ARM.ActiveCfg = Debug|Any CPU
		{5099E7AD-77F3-4A58-9F44-F3ADA0825BC6}.Ad-Hoc|ARM.Build.0 = Debug|Any CPU
		{5099E7AD-77F3-4A58-9F44-F3ADA0825BC6}.Ad-Hoc|iPhone.ActiveCfg = Debug|Any CPU
		{5099E7AD-77F3-4A58-9F44-F3ADA0825BC6}.Ad-Hoc|iPhone.Build.0 = Debug|Any CPU
		{5099E7AD-77F3-4A58-9F44-F3ADA0825BC6}.Ad-Hoc|iPhoneSimulator.ActiveCfg = Debug|Any CPU
		{5099E7AD-77F3-4A58-9F44-F3ADA0825BC6}.Ad-Hoc|iPhoneSimulator.Build.0 = Debug|Any CPU
		{5099E7AD-77F3-4A58-9F44-F3ADA0825BC6}.Ad-Hoc|x64.ActiveCfg = Debug|Any CPU
		{5099E7AD-77F3-4A58-9F44-F3ADA0825BC6}.Ad-Hoc|x64.Build.0 = Debug|Any CPU
		{5099E7AD-77F3-4A58-9F44-F3ADA0825BC6}.Ad-Hoc|x86.ActiveCfg = Debug|Any CPU
		{5099E7AD-77F3-4A58-9F44-F3ADA0825BC6}.Ad-Hoc|x86.Build.0 = Debug|Any CPU
		{5099E7AD-77F3-4A58-9F44-F3ADA0825BC6}.AppStore|Any CPU.ActiveCfg = Debug|Any CPU
		{5099E7AD-77F3-4A58-9F44-F3ADA0825BC6}.AppStore|Any CPU.Build.0 = Debug|Any CPU
		{5099E7AD-77F3-4A58-9F44-F3ADA0825BC6}.AppStore|ARM.ActiveCfg = Debug|Any CPU
		{5099E7AD-77F3-4A58-9F44-F3ADA0825BC6}.AppStore|ARM.Build.0 = Debug|Any CPU
		{5099E7AD-77F3-4A58-9F44-F3ADA0825BC6}.AppStore|iPhone.ActiveCfg = Debug|Any CPU
		{5099E7AD-77F3-4A58-9F44-F3ADA0825BC6}.AppStore|iPhone.Build.0 = Debug|Any CPU
		{5099E7AD-77F3-4A58-9F44-F3ADA0825BC6}.AppStore|iPhoneSimulator.ActiveCfg = Debug|Any CPU
		{5099E7AD-77F3-4A58-9F44-F3ADA0825BC6}.AppStore|iPhoneSimulator.Build.0 = Debug|Any CPU
		{5099E7AD-77F3-4A58-9F44-F3ADA0825BC6}.AppStore|x64.ActiveCfg = Debug|Any CPU
		{5099E7AD-77F3-4A58-9F44-F3ADA0825BC6}.AppStore|x64.Build.0 = Debug|Any CPU
		{5099E7AD-77F3-4A58-9F44-F3ADA0825BC6}.AppStore|x86.ActiveCfg = Debug|Any CPU
		{5099E7AD-77F3-4A58-9F44-F3ADA0825BC6}.AppStore|x86.Build.0 = Debug|Any CPU
		{5099E7AD-77F3-4A58-9F44-F3ADA0825BC6}.Debug|Any CPU.ActiveCfg = Debug|Any CPU
		{5099E7AD-77F3-4A58-9F44-F3ADA0825BC6}.Debug|Any CPU.Build.0 = Debug|Any CPU
		{5099E7AD-77F3-4A58-9F44-F3ADA0825BC6}.Debug|ARM.ActiveCfg = Debug|Any CPU
		{5099E7AD-77F3-4A58-9F44-F3ADA0825BC6}.Debug|ARM.Build.0 = Debug|Any CPU
		{5099E7AD-77F3-4A58-9F44-F3ADA0825BC6}.Debug|iPhone.ActiveCfg = Debug|Any CPU
		{5099E7AD-77F3-4A58-9F44-F3ADA0825BC6}.Debug|iPhone.Build.0 = Debug|Any CPU
		{5099E7AD-77F3-4A58-9F44-F3ADA0825BC6}.Debug|iPhoneSimulator.ActiveCfg = Debug|Any CPU
		{5099E7AD-77F3-4A58-9F44-F3ADA0825BC6}.Debug|iPhoneSimulator.Build.0 = Debug|Any CPU
		{5099E7AD-77F3-4A58-9F44-F3ADA0825BC6}.Debug|x64.ActiveCfg = Debug|Any CPU
		{5099E7AD-77F3-4A58-9F44-F3ADA0825BC6}.Debug|x64.Build.0 = Debug|Any CPU
		{5099E7AD-77F3-4A58-9F44-F3ADA0825BC6}.Debug|x86.ActiveCfg = Debug|Any CPU
		{5099E7AD-77F3-4A58-9F44-F3ADA0825BC6}.Debug|x86.Build.0 = Debug|Any CPU
		{5099E7AD-77F3-4A58-9F44-F3ADA0825BC6}.Release|Any CPU.ActiveCfg = Release|Any CPU
		{5099E7AD-77F3-4A58-9F44-F3ADA0825BC6}.Release|Any CPU.Build.0 = Release|Any CPU
		{5099E7AD-77F3-4A58-9F44-F3ADA0825BC6}.Release|ARM.ActiveCfg = Release|Any CPU
		{5099E7AD-77F3-4A58-9F44-F3ADA0825BC6}.Release|ARM.Build.0 = Release|Any CPU
		{5099E7AD-77F3-4A58-9F44-F3ADA0825BC6}.Release|iPhone.ActiveCfg = Release|Any CPU
		{5099E7AD-77F3-4A58-9F44-F3ADA0825BC6}.Release|iPhone.Build.0 = Release|Any CPU
		{5099E7AD-77F3-4A58-9F44-F3ADA0825BC6}.Release|iPhoneSimulator.ActiveCfg = Release|Any CPU
		{5099E7AD-77F3-4A58-9F44-F3ADA0825BC6}.Release|iPhoneSimulator.Build.0 = Release|Any CPU
		{5099E7AD-77F3-4A58-9F44-F3ADA0825BC6}.Release|x64.ActiveCfg = Release|Any CPU
		{5099E7AD-77F3-4A58-9F44-F3ADA0825BC6}.Release|x64.Build.0 = Release|Any CPU
		{5099E7AD-77F3-4A58-9F44-F3ADA0825BC6}.Release|x86.ActiveCfg = Release|Any CPU
		{5099E7AD-77F3-4A58-9F44-F3ADA0825BC6}.Release|x86.Build.0 = Release|Any CPU
		{C35BC8D8-E164-42D9-850B-A0481DDC4E4E}.Ad-Hoc|Any CPU.ActiveCfg = Ad-Hoc|iPhone
		{C35BC8D8-E164-42D9-850B-A0481DDC4E4E}.Ad-Hoc|ARM.ActiveCfg = Ad-Hoc|iPhone
		{C35BC8D8-E164-42D9-850B-A0481DDC4E4E}.Ad-Hoc|iPhone.ActiveCfg = Ad-Hoc|iPhone
		{C35BC8D8-E164-42D9-850B-A0481DDC4E4E}.Ad-Hoc|iPhone.Build.0 = Ad-Hoc|iPhone
		{C35BC8D8-E164-42D9-850B-A0481DDC4E4E}.Ad-Hoc|iPhoneSimulator.ActiveCfg = Ad-Hoc|iPhoneSimulator
		{C35BC8D8-E164-42D9-850B-A0481DDC4E4E}.Ad-Hoc|iPhoneSimulator.Build.0 = Ad-Hoc|iPhoneSimulator
		{C35BC8D8-E164-42D9-850B-A0481DDC4E4E}.Ad-Hoc|x64.ActiveCfg = Ad-Hoc|iPhone
		{C35BC8D8-E164-42D9-850B-A0481DDC4E4E}.Ad-Hoc|x86.ActiveCfg = Ad-Hoc|iPhone
		{C35BC8D8-E164-42D9-850B-A0481DDC4E4E}.AppStore|Any CPU.ActiveCfg = AppStore|iPhone
		{C35BC8D8-E164-42D9-850B-A0481DDC4E4E}.AppStore|ARM.ActiveCfg = AppStore|iPhone
		{C35BC8D8-E164-42D9-850B-A0481DDC4E4E}.AppStore|iPhone.ActiveCfg = AppStore|iPhone
		{C35BC8D8-E164-42D9-850B-A0481DDC4E4E}.AppStore|iPhone.Build.0 = AppStore|iPhone
		{C35BC8D8-E164-42D9-850B-A0481DDC4E4E}.AppStore|iPhoneSimulator.ActiveCfg = AppStore|iPhoneSimulator
		{C35BC8D8-E164-42D9-850B-A0481DDC4E4E}.AppStore|iPhoneSimulator.Build.0 = AppStore|iPhoneSimulator
		{C35BC8D8-E164-42D9-850B-A0481DDC4E4E}.AppStore|x64.ActiveCfg = AppStore|iPhone
		{C35BC8D8-E164-42D9-850B-A0481DDC4E4E}.AppStore|x86.ActiveCfg = AppStore|iPhone
		{C35BC8D8-E164-42D9-850B-A0481DDC4E4E}.Debug|Any CPU.ActiveCfg = Debug|iPhone
		{C35BC8D8-E164-42D9-850B-A0481DDC4E4E}.Debug|ARM.ActiveCfg = Debug|iPhone
		{C35BC8D8-E164-42D9-850B-A0481DDC4E4E}.Debug|iPhone.ActiveCfg = Debug|iPhone
		{C35BC8D8-E164-42D9-850B-A0481DDC4E4E}.Debug|iPhone.Build.0 = Debug|iPhone
		{C35BC8D8-E164-42D9-850B-A0481DDC4E4E}.Debug|iPhoneSimulator.ActiveCfg = Debug|iPhoneSimulator
		{C35BC8D8-E164-42D9-850B-A0481DDC4E4E}.Debug|iPhoneSimulator.Build.0 = Debug|iPhoneSimulator
		{C35BC8D8-E164-42D9-850B-A0481DDC4E4E}.Debug|x64.ActiveCfg = Debug|iPhone
		{C35BC8D8-E164-42D9-850B-A0481DDC4E4E}.Debug|x86.ActiveCfg = Debug|iPhone
		{C35BC8D8-E164-42D9-850B-A0481DDC4E4E}.Release|Any CPU.ActiveCfg = Release|iPhone
		{C35BC8D8-E164-42D9-850B-A0481DDC4E4E}.Release|ARM.ActiveCfg = Release|iPhone
		{C35BC8D8-E164-42D9-850B-A0481DDC4E4E}.Release|iPhone.ActiveCfg = Release|iPhone
		{C35BC8D8-E164-42D9-850B-A0481DDC4E4E}.Release|iPhone.Build.0 = Release|iPhone
		{C35BC8D8-E164-42D9-850B-A0481DDC4E4E}.Release|iPhoneSimulator.ActiveCfg = Release|iPhoneSimulator
		{C35BC8D8-E164-42D9-850B-A0481DDC4E4E}.Release|iPhoneSimulator.Build.0 = Release|iPhoneSimulator
		{C35BC8D8-E164-42D9-850B-A0481DDC4E4E}.Release|x64.ActiveCfg = Release|iPhone
		{C35BC8D8-E164-42D9-850B-A0481DDC4E4E}.Release|x86.ActiveCfg = Release|iPhone
		{38CEC814-135B-4D49-8754-88257D1DCC10}.Ad-Hoc|Any CPU.ActiveCfg = Release|x86
		{38CEC814-135B-4D49-8754-88257D1DCC10}.Ad-Hoc|Any CPU.Build.0 = Release|x86
		{38CEC814-135B-4D49-8754-88257D1DCC10}.Ad-Hoc|Any CPU.Deploy.0 = Release|x86
		{38CEC814-135B-4D49-8754-88257D1DCC10}.Ad-Hoc|ARM.ActiveCfg = Release|ARM
		{38CEC814-135B-4D49-8754-88257D1DCC10}.Ad-Hoc|ARM.Build.0 = Release|ARM
		{38CEC814-135B-4D49-8754-88257D1DCC10}.Ad-Hoc|ARM.Deploy.0 = Release|ARM
		{38CEC814-135B-4D49-8754-88257D1DCC10}.Ad-Hoc|iPhone.ActiveCfg = Release|x86
		{38CEC814-135B-4D49-8754-88257D1DCC10}.Ad-Hoc|iPhone.Build.0 = Release|x86
		{38CEC814-135B-4D49-8754-88257D1DCC10}.Ad-Hoc|iPhone.Deploy.0 = Release|x86
		{38CEC814-135B-4D49-8754-88257D1DCC10}.Ad-Hoc|iPhoneSimulator.ActiveCfg = Release|x86
		{38CEC814-135B-4D49-8754-88257D1DCC10}.Ad-Hoc|iPhoneSimulator.Build.0 = Release|x86
		{38CEC814-135B-4D49-8754-88257D1DCC10}.Ad-Hoc|iPhoneSimulator.Deploy.0 = Release|x86
		{38CEC814-135B-4D49-8754-88257D1DCC10}.Ad-Hoc|x64.ActiveCfg = Release|x64
		{38CEC814-135B-4D49-8754-88257D1DCC10}.Ad-Hoc|x64.Build.0 = Release|x64
		{38CEC814-135B-4D49-8754-88257D1DCC10}.Ad-Hoc|x64.Deploy.0 = Release|x64
		{38CEC814-135B-4D49-8754-88257D1DCC10}.Ad-Hoc|x86.ActiveCfg = Release|x86
		{38CEC814-135B-4D49-8754-88257D1DCC10}.Ad-Hoc|x86.Build.0 = Release|x86
		{38CEC814-135B-4D49-8754-88257D1DCC10}.Ad-Hoc|x86.Deploy.0 = Release|x86
		{38CEC814-135B-4D49-8754-88257D1DCC10}.AppStore|Any CPU.ActiveCfg = Release|x86
		{38CEC814-135B-4D49-8754-88257D1DCC10}.AppStore|Any CPU.Build.0 = Release|x86
		{38CEC814-135B-4D49-8754-88257D1DCC10}.AppStore|Any CPU.Deploy.0 = Release|x86
		{38CEC814-135B-4D49-8754-88257D1DCC10}.AppStore|ARM.ActiveCfg = Release|ARM
		{38CEC814-135B-4D49-8754-88257D1DCC10}.AppStore|ARM.Build.0 = Release|ARM
		{38CEC814-135B-4D49-8754-88257D1DCC10}.AppStore|ARM.Deploy.0 = Release|ARM
		{38CEC814-135B-4D49-8754-88257D1DCC10}.AppStore|iPhone.ActiveCfg = Release|x86
		{38CEC814-135B-4D49-8754-88257D1DCC10}.AppStore|iPhone.Build.0 = Release|x86
		{38CEC814-135B-4D49-8754-88257D1DCC10}.AppStore|iPhone.Deploy.0 = Release|x86
		{38CEC814-135B-4D49-8754-88257D1DCC10}.AppStore|iPhoneSimulator.ActiveCfg = Release|x86
		{38CEC814-135B-4D49-8754-88257D1DCC10}.AppStore|iPhoneSimulator.Build.0 = Release|x86
		{38CEC814-135B-4D49-8754-88257D1DCC10}.AppStore|iPhoneSimulator.Deploy.0 = Release|x86
		{38CEC814-135B-4D49-8754-88257D1DCC10}.AppStore|x64.ActiveCfg = Release|x64
		{38CEC814-135B-4D49-8754-88257D1DCC10}.AppStore|x64.Build.0 = Release|x64
		{38CEC814-135B-4D49-8754-88257D1DCC10}.AppStore|x64.Deploy.0 = Release|x64
		{38CEC814-135B-4D49-8754-88257D1DCC10}.AppStore|x86.ActiveCfg = Release|x86
		{38CEC814-135B-4D49-8754-88257D1DCC10}.AppStore|x86.Build.0 = Release|x86
		{38CEC814-135B-4D49-8754-88257D1DCC10}.AppStore|x86.Deploy.0 = Release|x86
		{38CEC814-135B-4D49-8754-88257D1DCC10}.Debug|Any CPU.ActiveCfg = Debug|x86
		{38CEC814-135B-4D49-8754-88257D1DCC10}.Debug|ARM.ActiveCfg = Debug|ARM
		{38CEC814-135B-4D49-8754-88257D1DCC10}.Debug|ARM.Build.0 = Debug|ARM
		{38CEC814-135B-4D49-8754-88257D1DCC10}.Debug|ARM.Deploy.0 = Debug|ARM
		{38CEC814-135B-4D49-8754-88257D1DCC10}.Debug|iPhone.ActiveCfg = Debug|x86
		{38CEC814-135B-4D49-8754-88257D1DCC10}.Debug|iPhoneSimulator.ActiveCfg = Debug|x86
		{38CEC814-135B-4D49-8754-88257D1DCC10}.Debug|x64.ActiveCfg = Debug|x64
		{38CEC814-135B-4D49-8754-88257D1DCC10}.Debug|x64.Build.0 = Debug|x64
		{38CEC814-135B-4D49-8754-88257D1DCC10}.Debug|x64.Deploy.0 = Debug|x64
		{38CEC814-135B-4D49-8754-88257D1DCC10}.Debug|x86.ActiveCfg = Debug|x86
		{38CEC814-135B-4D49-8754-88257D1DCC10}.Debug|x86.Build.0 = Debug|x86
		{38CEC814-135B-4D49-8754-88257D1DCC10}.Debug|x86.Deploy.0 = Debug|x86
		{38CEC814-135B-4D49-8754-88257D1DCC10}.Release|Any CPU.ActiveCfg = Release|x86
		{38CEC814-135B-4D49-8754-88257D1DCC10}.Release|ARM.ActiveCfg = Release|ARM
		{38CEC814-135B-4D49-8754-88257D1DCC10}.Release|ARM.Build.0 = Release|ARM
		{38CEC814-135B-4D49-8754-88257D1DCC10}.Release|ARM.Deploy.0 = Release|ARM
		{38CEC814-135B-4D49-8754-88257D1DCC10}.Release|iPhone.ActiveCfg = Release|x86
		{38CEC814-135B-4D49-8754-88257D1DCC10}.Release|iPhoneSimulator.ActiveCfg = Release|x86
		{38CEC814-135B-4D49-8754-88257D1DCC10}.Release|x64.ActiveCfg = Release|x64
		{38CEC814-135B-4D49-8754-88257D1DCC10}.Release|x64.Build.0 = Release|x64
		{38CEC814-135B-4D49-8754-88257D1DCC10}.Release|x64.Deploy.0 = Release|x64
		{38CEC814-135B-4D49-8754-88257D1DCC10}.Release|x86.ActiveCfg = Release|x86
		{38CEC814-135B-4D49-8754-88257D1DCC10}.Release|x86.Build.0 = Release|x86
		{38CEC814-135B-4D49-8754-88257D1DCC10}.Release|x86.Deploy.0 = Release|x86
		{7ED07AF4-CADB-4D7A-BA58-B9BB9B179F57}.Ad-Hoc|Any CPU.ActiveCfg = Release|Any CPU
		{7ED07AF4-CADB-4D7A-BA58-B9BB9B179F57}.Ad-Hoc|Any CPU.Build.0 = Release|Any CPU
		{7ED07AF4-CADB-4D7A-BA58-B9BB9B179F57}.Ad-Hoc|ARM.ActiveCfg = Release|Any CPU
		{7ED07AF4-CADB-4D7A-BA58-B9BB9B179F57}.Ad-Hoc|ARM.Build.0 = Release|Any CPU
		{7ED07AF4-CADB-4D7A-BA58-B9BB9B179F57}.Ad-Hoc|iPhone.ActiveCfg = Release|Any CPU
		{7ED07AF4-CADB-4D7A-BA58-B9BB9B179F57}.Ad-Hoc|iPhone.Build.0 = Release|Any CPU
		{7ED07AF4-CADB-4D7A-BA58-B9BB9B179F57}.Ad-Hoc|iPhoneSimulator.ActiveCfg = Release|Any CPU
		{7ED07AF4-CADB-4D7A-BA58-B9BB9B179F57}.Ad-Hoc|iPhoneSimulator.Build.0 = Release|Any CPU
		{7ED07AF4-CADB-4D7A-BA58-B9BB9B179F57}.Ad-Hoc|x64.ActiveCfg = Release|Any CPU
		{7ED07AF4-CADB-4D7A-BA58-B9BB9B179F57}.Ad-Hoc|x64.Build.0 = Release|Any CPU
		{7ED07AF4-CADB-4D7A-BA58-B9BB9B179F57}.Ad-Hoc|x86.ActiveCfg = Release|Any CPU
		{7ED07AF4-CADB-4D7A-BA58-B9BB9B179F57}.Ad-Hoc|x86.Build.0 = Release|Any CPU
		{7ED07AF4-CADB-4D7A-BA58-B9BB9B179F57}.AppStore|Any CPU.ActiveCfg = Release|Any CPU
		{7ED07AF4-CADB-4D7A-BA58-B9BB9B179F57}.AppStore|Any CPU.Build.0 = Release|Any CPU
		{7ED07AF4-CADB-4D7A-BA58-B9BB9B179F57}.AppStore|ARM.ActiveCfg = Release|Any CPU
		{7ED07AF4-CADB-4D7A-BA58-B9BB9B179F57}.AppStore|ARM.Build.0 = Release|Any CPU
		{7ED07AF4-CADB-4D7A-BA58-B9BB9B179F57}.AppStore|iPhone.ActiveCfg = Release|Any CPU
		{7ED07AF4-CADB-4D7A-BA58-B9BB9B179F57}.AppStore|iPhone.Build.0 = Release|Any CPU
		{7ED07AF4-CADB-4D7A-BA58-B9BB9B179F57}.AppStore|iPhoneSimulator.ActiveCfg = Release|Any CPU
		{7ED07AF4-CADB-4D7A-BA58-B9BB9B179F57}.AppStore|iPhoneSimulator.Build.0 = Release|Any CPU
		{7ED07AF4-CADB-4D7A-BA58-B9BB9B179F57}.AppStore|x64.ActiveCfg = Release|Any CPU
		{7ED07AF4-CADB-4D7A-BA58-B9BB9B179F57}.AppStore|x64.Build.0 = Release|Any CPU
		{7ED07AF4-CADB-4D7A-BA58-B9BB9B179F57}.AppStore|x86.ActiveCfg = Release|Any CPU
		{7ED07AF4-CADB-4D7A-BA58-B9BB9B179F57}.AppStore|x86.Build.0 = Release|Any CPU
		{7ED07AF4-CADB-4D7A-BA58-B9BB9B179F57}.Debug|Any CPU.ActiveCfg = Debug|Any CPU
		{7ED07AF4-CADB-4D7A-BA58-B9BB9B179F57}.Debug|Any CPU.Build.0 = Debug|Any CPU
		{7ED07AF4-CADB-4D7A-BA58-B9BB9B179F57}.Debug|ARM.ActiveCfg = Debug|Any CPU
		{7ED07AF4-CADB-4D7A-BA58-B9BB9B179F57}.Debug|ARM.Build.0 = Debug|Any CPU
		{7ED07AF4-CADB-4D7A-BA58-B9BB9B179F57}.Debug|iPhone.ActiveCfg = Debug|Any CPU
		{7ED07AF4-CADB-4D7A-BA58-B9BB9B179F57}.Debug|iPhone.Build.0 = Debug|Any CPU
		{7ED07AF4-CADB-4D7A-BA58-B9BB9B179F57}.Debug|iPhoneSimulator.ActiveCfg = Debug|Any CPU
		{7ED07AF4-CADB-4D7A-BA58-B9BB9B179F57}.Debug|iPhoneSimulator.Build.0 = Debug|Any CPU
		{7ED07AF4-CADB-4D7A-BA58-B9BB9B179F57}.Debug|x64.ActiveCfg = Debug|Any CPU
		{7ED07AF4-CADB-4D7A-BA58-B9BB9B179F57}.Debug|x64.Build.0 = Debug|Any CPU
		{7ED07AF4-CADB-4D7A-BA58-B9BB9B179F57}.Debug|x86.ActiveCfg = Debug|Any CPU
		{7ED07AF4-CADB-4D7A-BA58-B9BB9B179F57}.Debug|x86.Build.0 = Debug|Any CPU
		{7ED07AF4-CADB-4D7A-BA58-B9BB9B179F57}.Release|Any CPU.ActiveCfg = Release|Any CPU
		{7ED07AF4-CADB-4D7A-BA58-B9BB9B179F57}.Release|Any CPU.Build.0 = Release|Any CPU
		{7ED07AF4-CADB-4D7A-BA58-B9BB9B179F57}.Release|ARM.ActiveCfg = Release|Any CPU
		{7ED07AF4-CADB-4D7A-BA58-B9BB9B179F57}.Release|ARM.Build.0 = Release|Any CPU
		{7ED07AF4-CADB-4D7A-BA58-B9BB9B179F57}.Release|iPhone.ActiveCfg = Release|Any CPU
		{7ED07AF4-CADB-4D7A-BA58-B9BB9B179F57}.Release|iPhone.Build.0 = Release|Any CPU
		{7ED07AF4-CADB-4D7A-BA58-B9BB9B179F57}.Release|iPhoneSimulator.ActiveCfg = Release|Any CPU
		{7ED07AF4-CADB-4D7A-BA58-B9BB9B179F57}.Release|iPhoneSimulator.Build.0 = Release|Any CPU
		{7ED07AF4-CADB-4D7A-BA58-B9BB9B179F57}.Release|x64.ActiveCfg = Release|Any CPU
		{7ED07AF4-CADB-4D7A-BA58-B9BB9B179F57}.Release|x64.Build.0 = Release|Any CPU
		{7ED07AF4-CADB-4D7A-BA58-B9BB9B179F57}.Release|x86.ActiveCfg = Release|Any CPU
		{7ED07AF4-CADB-4D7A-BA58-B9BB9B179F57}.Release|x86.Build.0 = Release|Any CPU
		{A18C202C-77D4-4CC9-9213-B41C04EF53CC}.Ad-Hoc|Any CPU.ActiveCfg = Release|Any CPU
		{A18C202C-77D4-4CC9-9213-B41C04EF53CC}.Ad-Hoc|Any CPU.Build.0 = Release|Any CPU
		{A18C202C-77D4-4CC9-9213-B41C04EF53CC}.Ad-Hoc|ARM.ActiveCfg = Release|Any CPU
		{A18C202C-77D4-4CC9-9213-B41C04EF53CC}.Ad-Hoc|ARM.Build.0 = Release|Any CPU
		{A18C202C-77D4-4CC9-9213-B41C04EF53CC}.Ad-Hoc|iPhone.ActiveCfg = Release|Any CPU
		{A18C202C-77D4-4CC9-9213-B41C04EF53CC}.Ad-Hoc|iPhone.Build.0 = Release|Any CPU
		{A18C202C-77D4-4CC9-9213-B41C04EF53CC}.Ad-Hoc|iPhoneSimulator.ActiveCfg = Release|Any CPU
		{A18C202C-77D4-4CC9-9213-B41C04EF53CC}.Ad-Hoc|iPhoneSimulator.Build.0 = Release|Any CPU
		{A18C202C-77D4-4CC9-9213-B41C04EF53CC}.Ad-Hoc|x64.ActiveCfg = Release|Any CPU
		{A18C202C-77D4-4CC9-9213-B41C04EF53CC}.Ad-Hoc|x64.Build.0 = Release|Any CPU
		{A18C202C-77D4-4CC9-9213-B41C04EF53CC}.Ad-Hoc|x86.ActiveCfg = Release|Any CPU
		{A18C202C-77D4-4CC9-9213-B41C04EF53CC}.Ad-Hoc|x86.Build.0 = Release|Any CPU
		{A18C202C-77D4-4CC9-9213-B41C04EF53CC}.AppStore|Any CPU.ActiveCfg = Release|Any CPU
		{A18C202C-77D4-4CC9-9213-B41C04EF53CC}.AppStore|Any CPU.Build.0 = Release|Any CPU
		{A18C202C-77D4-4CC9-9213-B41C04EF53CC}.AppStore|ARM.ActiveCfg = Release|Any CPU
		{A18C202C-77D4-4CC9-9213-B41C04EF53CC}.AppStore|ARM.Build.0 = Release|Any CPU
		{A18C202C-77D4-4CC9-9213-B41C04EF53CC}.AppStore|iPhone.ActiveCfg = Release|Any CPU
		{A18C202C-77D4-4CC9-9213-B41C04EF53CC}.AppStore|iPhone.Build.0 = Release|Any CPU
		{A18C202C-77D4-4CC9-9213-B41C04EF53CC}.AppStore|iPhoneSimulator.ActiveCfg = Release|Any CPU
		{A18C202C-77D4-4CC9-9213-B41C04EF53CC}.AppStore|iPhoneSimulator.Build.0 = Release|Any CPU
		{A18C202C-77D4-4CC9-9213-B41C04EF53CC}.AppStore|x64.ActiveCfg = Release|Any CPU
		{A18C202C-77D4-4CC9-9213-B41C04EF53CC}.AppStore|x64.Build.0 = Release|Any CPU
		{A18C202C-77D4-4CC9-9213-B41C04EF53CC}.AppStore|x86.ActiveCfg = Release|Any CPU
		{A18C202C-77D4-4CC9-9213-B41C04EF53CC}.AppStore|x86.Build.0 = Release|Any CPU
		{A18C202C-77D4-4CC9-9213-B41C04EF53CC}.Debug|Any CPU.ActiveCfg = Debug|Any CPU
		{A18C202C-77D4-4CC9-9213-B41C04EF53CC}.Debug|Any CPU.Build.0 = Debug|Any CPU
		{A18C202C-77D4-4CC9-9213-B41C04EF53CC}.Debug|ARM.ActiveCfg = Debug|Any CPU
		{A18C202C-77D4-4CC9-9213-B41C04EF53CC}.Debug|ARM.Build.0 = Debug|Any CPU
		{A18C202C-77D4-4CC9-9213-B41C04EF53CC}.Debug|iPhone.ActiveCfg = Debug|Any CPU
		{A18C202C-77D4-4CC9-9213-B41C04EF53CC}.Debug|iPhone.Build.0 = Debug|Any CPU
		{A18C202C-77D4-4CC9-9213-B41C04EF53CC}.Debug|iPhoneSimulator.ActiveCfg = Debug|Any CPU
		{A18C202C-77D4-4CC9-9213-B41C04EF53CC}.Debug|iPhoneSimulator.Build.0 = Debug|Any CPU
		{A18C202C-77D4-4CC9-9213-B41C04EF53CC}.Debug|x64.ActiveCfg = Debug|Any CPU
		{A18C202C-77D4-4CC9-9213-B41C04EF53CC}.Debug|x64.Build.0 = Debug|Any CPU
		{A18C202C-77D4-4CC9-9213-B41C04EF53CC}.Debug|x86.ActiveCfg = Debug|Any CPU
		{A18C202C-77D4-4CC9-9213-B41C04EF53CC}.Debug|x86.Build.0 = Debug|Any CPU
		{A18C202C-77D4-4CC9-9213-B41C04EF53CC}.Release|Any CPU.ActiveCfg = Release|Any CPU
		{A18C202C-77D4-4CC9-9213-B41C04EF53CC}.Release|Any CPU.Build.0 = Release|Any CPU
		{A18C202C-77D4-4CC9-9213-B41C04EF53CC}.Release|ARM.ActiveCfg = Release|Any CPU
		{A18C202C-77D4-4CC9-9213-B41C04EF53CC}.Release|ARM.Build.0 = Release|Any CPU
		{A18C202C-77D4-4CC9-9213-B41C04EF53CC}.Release|iPhone.ActiveCfg = Release|Any CPU
		{A18C202C-77D4-4CC9-9213-B41C04EF53CC}.Release|iPhone.Build.0 = Release|Any CPU
		{A18C202C-77D4-4CC9-9213-B41C04EF53CC}.Release|iPhoneSimulator.ActiveCfg = Release|Any CPU
		{A18C202C-77D4-4CC9-9213-B41C04EF53CC}.Release|iPhoneSimulator.Build.0 = Release|Any CPU
		{A18C202C-77D4-4CC9-9213-B41C04EF53CC}.Release|x64.ActiveCfg = Release|Any CPU
		{A18C202C-77D4-4CC9-9213-B41C04EF53CC}.Release|x64.Build.0 = Release|Any CPU
		{A18C202C-77D4-4CC9-9213-B41C04EF53CC}.Release|x86.ActiveCfg = Release|Any CPU
		{A18C202C-77D4-4CC9-9213-B41C04EF53CC}.Release|x86.Build.0 = Release|Any CPU
		{763C177F-B9BA-48E3-BEF8-6BC912F92F00}.Ad-Hoc|Any CPU.ActiveCfg = Release|Any CPU
		{763C177F-B9BA-48E3-BEF8-6BC912F92F00}.Ad-Hoc|Any CPU.Build.0 = Release|Any CPU
		{763C177F-B9BA-48E3-BEF8-6BC912F92F00}.Ad-Hoc|ARM.ActiveCfg = Release|Any CPU
		{763C177F-B9BA-48E3-BEF8-6BC912F92F00}.Ad-Hoc|ARM.Build.0 = Release|Any CPU
		{763C177F-B9BA-48E3-BEF8-6BC912F92F00}.Ad-Hoc|iPhone.ActiveCfg = Release|Any CPU
		{763C177F-B9BA-48E3-BEF8-6BC912F92F00}.Ad-Hoc|iPhone.Build.0 = Release|Any CPU
		{763C177F-B9BA-48E3-BEF8-6BC912F92F00}.Ad-Hoc|iPhoneSimulator.ActiveCfg = Release|Any CPU
		{763C177F-B9BA-48E3-BEF8-6BC912F92F00}.Ad-Hoc|iPhoneSimulator.Build.0 = Release|Any CPU
		{763C177F-B9BA-48E3-BEF8-6BC912F92F00}.Ad-Hoc|x64.ActiveCfg = Release|Any CPU
		{763C177F-B9BA-48E3-BEF8-6BC912F92F00}.Ad-Hoc|x64.Build.0 = Release|Any CPU
		{763C177F-B9BA-48E3-BEF8-6BC912F92F00}.Ad-Hoc|x86.ActiveCfg = Release|Any CPU
		{763C177F-B9BA-48E3-BEF8-6BC912F92F00}.Ad-Hoc|x86.Build.0 = Release|Any CPU
		{763C177F-B9BA-48E3-BEF8-6BC912F92F00}.AppStore|Any CPU.ActiveCfg = Release|Any CPU
		{763C177F-B9BA-48E3-BEF8-6BC912F92F00}.AppStore|Any CPU.Build.0 = Release|Any CPU
		{763C177F-B9BA-48E3-BEF8-6BC912F92F00}.AppStore|ARM.ActiveCfg = Release|Any CPU
		{763C177F-B9BA-48E3-BEF8-6BC912F92F00}.AppStore|ARM.Build.0 = Release|Any CPU
		{763C177F-B9BA-48E3-BEF8-6BC912F92F00}.AppStore|iPhone.ActiveCfg = Release|Any CPU
		{763C177F-B9BA-48E3-BEF8-6BC912F92F00}.AppStore|iPhone.Build.0 = Release|Any CPU
		{763C177F-B9BA-48E3-BEF8-6BC912F92F00}.AppStore|iPhoneSimulator.ActiveCfg = Release|Any CPU
		{763C177F-B9BA-48E3-BEF8-6BC912F92F00}.AppStore|iPhoneSimulator.Build.0 = Release|Any CPU
		{763C177F-B9BA-48E3-BEF8-6BC912F92F00}.AppStore|x64.ActiveCfg = Release|Any CPU
		{763C177F-B9BA-48E3-BEF8-6BC912F92F00}.AppStore|x64.Build.0 = Release|Any CPU
		{763C177F-B9BA-48E3-BEF8-6BC912F92F00}.AppStore|x86.ActiveCfg = Release|Any CPU
		{763C177F-B9BA-48E3-BEF8-6BC912F92F00}.AppStore|x86.Build.0 = Release|Any CPU
		{763C177F-B9BA-48E3-BEF8-6BC912F92F00}.Debug|Any CPU.ActiveCfg = Debug|Any CPU
		{763C177F-B9BA-48E3-BEF8-6BC912F92F00}.Debug|Any CPU.Build.0 = Debug|Any CPU
		{763C177F-B9BA-48E3-BEF8-6BC912F92F00}.Debug|Any CPU.Deploy.0 = Debug|Any CPU
		{763C177F-B9BA-48E3-BEF8-6BC912F92F00}.Debug|ARM.ActiveCfg = Debug|Any CPU
		{763C177F-B9BA-48E3-BEF8-6BC912F92F00}.Debug|ARM.Build.0 = Debug|Any CPU
		{763C177F-B9BA-48E3-BEF8-6BC912F92F00}.Debug|iPhone.ActiveCfg = Debug|Any CPU
		{763C177F-B9BA-48E3-BEF8-6BC912F92F00}.Debug|iPhone.Build.0 = Debug|Any CPU
		{763C177F-B9BA-48E3-BEF8-6BC912F92F00}.Debug|iPhoneSimulator.ActiveCfg = Debug|Any CPU
		{763C177F-B9BA-48E3-BEF8-6BC912F92F00}.Debug|iPhoneSimulator.Build.0 = Debug|Any CPU
		{763C177F-B9BA-48E3-BEF8-6BC912F92F00}.Debug|x64.ActiveCfg = Debug|Any CPU
		{763C177F-B9BA-48E3-BEF8-6BC912F92F00}.Debug|x64.Build.0 = Debug|Any CPU
		{763C177F-B9BA-48E3-BEF8-6BC912F92F00}.Debug|x86.ActiveCfg = Debug|Any CPU
		{763C177F-B9BA-48E3-BEF8-6BC912F92F00}.Debug|x86.Build.0 = Debug|Any CPU
		{763C177F-B9BA-48E3-BEF8-6BC912F92F00}.Release|Any CPU.ActiveCfg = Release|Any CPU
		{763C177F-B9BA-48E3-BEF8-6BC912F92F00}.Release|Any CPU.Build.0 = Release|Any CPU
		{763C177F-B9BA-48E3-BEF8-6BC912F92F00}.Release|Any CPU.Deploy.0 = Release|Any CPU
		{763C177F-B9BA-48E3-BEF8-6BC912F92F00}.Release|ARM.ActiveCfg = Release|Any CPU
		{763C177F-B9BA-48E3-BEF8-6BC912F92F00}.Release|ARM.Build.0 = Release|Any CPU
		{763C177F-B9BA-48E3-BEF8-6BC912F92F00}.Release|iPhone.ActiveCfg = Release|Any CPU
		{763C177F-B9BA-48E3-BEF8-6BC912F92F00}.Release|iPhone.Build.0 = Release|Any CPU
		{763C177F-B9BA-48E3-BEF8-6BC912F92F00}.Release|iPhoneSimulator.ActiveCfg = Release|Any CPU
		{763C177F-B9BA-48E3-BEF8-6BC912F92F00}.Release|iPhoneSimulator.Build.0 = Release|Any CPU
		{763C177F-B9BA-48E3-BEF8-6BC912F92F00}.Release|x64.ActiveCfg = Release|Any CPU
		{763C177F-B9BA-48E3-BEF8-6BC912F92F00}.Release|x64.Build.0 = Release|Any CPU
		{763C177F-B9BA-48E3-BEF8-6BC912F92F00}.Release|x86.ActiveCfg = Release|Any CPU
		{763C177F-B9BA-48E3-BEF8-6BC912F92F00}.Release|x86.Build.0 = Release|Any CPU
	EndGlobalSection
	GlobalSection(SolutionProperties) = preSolution
		HideSolutionNode = FALSE
	EndGlobalSection
	GlobalSection(ExtensibilityGlobals) = postSolution
		SolutionGuid = {F6D05029-56B8-4E45-AF2D-0E76295DDBA2}
	EndGlobalSection
EndGlobal
